
Microsoft Visual Studio Solution File, Format Version 12.00
# Visual Studio Express 15 for Windows Desktop
VisualStudioVersion = 15.0.28307.1259
MinimumVisualStudioVersion = 10.0.40219.1
Project("{FAE04EC0-301F-11D3-BF4B-00C04F79EFBC}") = "Hogan_Caitlin_Assignment 4_MS806", "Hogan_Caitlin_Assignment 4_MS806.csproj", "{6F9DFEA2-3E76-41FD-A8FC-9F8C3D26BC72}"
EndProject
Global
	GlobalSection(SolutionConfigurationPlatforms) = preSolution
		Debug|Any CPU = Debug|Any CPU
		Release|Any CPU = Release|Any CPU
	EndGlobalSection
	GlobalSection(ProjectConfigurationPlatforms) = postSolution
		{6F9DFEA2-3E76-41FD-A8FC-9F8C3D26BC72}.Debug|Any CPU.ActiveCfg = Debug|Any CPU
		{6F9DFEA2-3E76-41FD-A8FC-9F8C3D26BC72}.Debug|Any CPU.Build.0 = Debug|Any CPU
		{6F9DFEA2-3E76-41FD-A8FC-9F8C3D26BC72}.Release|Any CPU.ActiveCfg = Release|Any CPU
		{6F9DFEA2-3E76-41FD-A8FC-9F8C3D26BC72}.Release|Any CPU.Build.0 = Release|Any CPU
	EndGlobalSection
	GlobalSection(SolutionProperties) = preSolution
		HideSolutionNode = FALSE
	EndGlobalSection
	GlobalSection(ExtensibilityGlobals) = postSolution
		SolutionGuid = {28255E73-BA63-47C1-937F-7208A630CE10}
	EndGlobalSection
EndGlobal
